
Microsoft Visual Studio Solution File, Format Version 12.00
# Visual Studio Version 17
VisualStudioVersion = 17.6.33815.320
MinimumVisualStudioVersion = 10.0.40219.1
Project("{FAE04EC0-301F-11D3-BF4B-00C04F79EFBC}") = "TutorialWebApp", "TutorialWebApp\TutorialWebApp.csproj", "{16E4DF9B-090C-408A-9867-CA54E913015C}"
EndProject
Global
	GlobalSection(SolutionConfigurationPlatforms) = preSolution
		Debug|Any CPU = Debug|Any CPU
		Release|Any CPU = Release|Any CPU
	EndGlobalSection
	GlobalSection(ProjectConfigurationPlatforms) = postSolution
		{16E4DF9B-090C-408A-9867-CA54E913015C}.Debug|Any CPU.ActiveCfg = Debug|Any CPU
		{16E4DF9B-090C-408A-9867-CA54E913015C}.Debug|Any CPU.Build.0 = Debug|Any CPU
		{16E4DF9B-090C-408A-9867-CA54E913015C}.Release|Any CPU.ActiveCfg = Release|Any CPU
		{16E4DF9B-090C-408A-9867-CA54E913015C}.Release|Any CPU.Build.0 = Release|Any CPU
	EndGlobalSection
	GlobalSection(SolutionProperties) = preSolution
		HideSolutionNode = FALSE
	EndGlobalSection
	GlobalSection(ExtensibilityGlobals) = postSolution
		SolutionGuid = {5C0D85E1-E0E8-4E0A-AB8F-46F00A21DADB}
	EndGlobalSection
EndGlobal
